{
  "name": "rosu-pp",
  "version": "1.0.0",
  "lockfileVersion": 3,
  "requires": true,
  "packages": {
    "": {
      "name": "rosu-pp",
      "version": "1.0.0",
      "license": "ISC",
      "dependencies": {
        "rosu-pp-js": "^4.0.1"
      }
    },
    "node_modules/rosu-pp-js": {
      "version": "4.0.1",
      "resolved": "https://registry.npmjs.org/rosu-pp-js/-/rosu-pp-js-4.0.1.tgz",
      "integrity": "sha512-yEjhglfSrDVV3aBkd61RgaMqdKbLIX3225gkHS67+IboVZwC2PCmbDl7yaBDV4CSQTtkEEhWIpwdhHTJnoVOcQ==",
      "license": "MIT"
    }
  }
}
